// !$*UTF8*$!
{
	archiveVersion = 1;
	classes = {
	};
	objectVersion = 52;
	objects = {

/* Begin PBXBuildFile section */
		22C828A81E240E59FBBF9F04 /* Pods_SpiderCoolpc_SpiderCoolpcUITests.framework in Frameworks */ = {isa = PBXBuildFile; fileRef = E78187FD0DA716163A06491F /* Pods_SpiderCoolpc_SpiderCoolpcUITests.framework */; };
		855022272632988100767946 /* BuildFile in Frameworks */ = {isa = PBXBuildFile; productRef = 855022262632988100767946 /* SwiftPackageProductDependency */; };
		858BE138263162D900FBAEED /* Tutor.swift in Sources */ = {isa = PBXBuildFile; fileRef = 858BE137263162D900FBAEED /* Tutor.swift */; };
		858BE13D263162E200FBAEED /* Tutor.xcassets in Resources */ = {isa = PBXBuildFile; fileRef = 858BE13C263162E200FBAEED /* Tutor.xcassets */; };
		858BE1422631657000FBAEED /* TutorDetail.swift in Sources */ = {isa = PBXBuildFile; fileRef = 858BE1412631657000FBAEED /* TutorDetail.swift */; };
		858BE14726316A6E00FBAEED /* HomePage.swift in Sources */ = {isa = PBXBuildFile; fileRef = 858BE14626316A6E00FBAEED /* HomePage.swift */; };
		858BE14F263271C000FBAEED /* GPUInfo.swift in Sources */ = {isa = PBXBuildFile; fileRef = 858BE14E263271C000FBAEED /* GPUInfo.swift */; };
		85B5CEEF262ABDFA000B7FF0 /* AppDelegate.swift in Sources */ = {isa = PBXBuildFile; fileRef = 85B5CEEE262ABDFA000B7FF0 /* AppDelegate.swift */; };
		85B5CEF1262ABDFA000B7FF0 /* SceneDelegate.swift in Sources */ = {isa = PBXBuildFile; fileRef = 85B5CEF0262ABDFA000B7FF0 /* SceneDelegate.swift */; };
		85B5CEF3262ABDFA000B7FF0 /* ContentView.swift in Sources */ = {isa = PBXBuildFile; fileRef = 85B5CEF2262ABDFA000B7FF0 /* ContentView.swift */; };
		85B5CEF5262ABDFD000B7FF0 /* Assets.xcassets in Resources */ = {isa = PBXBuildFile; fileRef = 85B5CEF4262ABDFD000B7FF0 /* Assets.xcassets */; };
		85B5CEF8262ABDFD000B7FF0 /* Preview Assets.xcassets in Resources */ = {isa = PBXBuildFile; fileRef = 85B5CEF7262ABDFD000B7FF0 /* Preview Assets.xcassets */; };
		85B5CEFB262ABDFD000B7FF0 /* LaunchScreen.storyboard in Resources */ = {isa = PBXBuildFile; fileRef = 85B5CEF9262ABDFD000B7FF0 /* LaunchScreen.storyboard */; };
		85B5CF06262ABDFE000B7FF0 /* SpiderCoolpcTests.swift in Sources */ = {isa = PBXBuildFile; fileRef = 85B5CF05262ABDFE000B7FF0 /* SpiderCoolpcTests.swift */; };
		85B5CF11262ABDFE000B7FF0 /* SpiderCoolpcUITests.swift in Sources */ = {isa = PBXBuildFile; fileRef = 85B5CF10262ABDFE000B7FF0 /* SpiderCoolpcUITests.swift */; };
		BA65873509EA0D8E92B67726 /* Pods_SpiderCoolpc.framework in Frameworks */ = {isa = PBXBuildFile; fileRef = 6877EAA1C33E114DB82D5991 /* Pods_SpiderCoolpc.framework */; };
		D3D32C4CF277820E61CD38DF /* Pods_SpiderCoolpcTests.framework in Frameworks */ = {isa = PBXBuildFile; fileRef = 77191F3CB0B171D5CF73ABBC /* Pods_SpiderCoolpcTests.framework */; };
/* End PBXBuildFile section */

/* Begin PBXContainerItemProxy section */
		85B5CF02262ABDFE000B7FF0 /* PBXContainerItemProxy */ = {
			isa = PBXContainerItemProxy;
			containerPortal = 85B5CEE3262ABDFA000B7FF0 /* Project object */;
			proxyType = 1;
			remoteGlobalIDString = 85B5CEEA262ABDFA000B7FF0;
			remoteInfo = SpiderCoolpc;
		};
		85B5CF0D262ABDFE000B7FF0 /* PBXContainerItemProxy */ = {
			isa = PBXContainerItemProxy;
			containerPortal = 85B5CEE3262ABDFA000B7FF0 /* Project object */;
			proxyType = 1;
			remoteGlobalIDString = 85B5CEEA262ABDFA000B7FF0;
			remoteInfo = SpiderCoolpc;
		};
/* End PBXContainerItemProxy section */

/* Begin PBXFileReference section */
		650425AE90F2392020CAC33D /* Pods-SpiderCoolpc.release.xcconfig */ = {isa = PBXFileReference; includeInIndex = 1; lastKnownFileType = text.xcconfig; name = "Pods-SpiderCoolpc.release.xcconfig"; path = "Target Support Files/Pods-SpiderCoolpc/Pods-SpiderCoolpc.release.xcconfig"; sourceTree = "<group>"; };
		6877EAA1C33E114DB82D5991 /* Pods_SpiderCoolpc.framework */ = {isa = PBXFileReference; explicitFileType = wrapper.framework; includeInIndex = 0; path = Pods_SpiderCoolpc.framework; sourceTree = BUILT_PRODUCTS_DIR; };
		77191F3CB0B171D5CF73ABBC /* Pods_SpiderCoolpcTests.framework */ = {isa = PBXFileReference; explicitFileType = wrapper.framework; includeInIndex = 0; path = Pods_SpiderCoolpcTests.framework; sourceTree = BUILT_PRODUCTS_DIR; };
		858BE137263162D900FBAEED /* Tutor.swift */ = {isa = PBXFileReference; fileEncoding = 4; lastKnownFileType = sourcecode.swift; path = Tutor.swift; sourceTree = "<group>"; };
		858BE13C263162E200FBAEED /* Tutor.xcassets */ = {isa = PBXFileReference; lastKnownFileType = folder.assetcatalog; path = Tutor.xcassets; sourceTree = "<group>"; };
		858BE1412631657000FBAEED /* TutorDetail.swift */ = {isa = PBXFileReference; lastKnownFileType = sourcecode.swift; path = TutorDetail.swift; sourceTree = "<group>"; };
		858BE14626316A6E00FBAEED /* HomePage.swift */ = {isa = PBXFileReference; lastKnownFileType = sourcecode.swift; path = HomePage.swift; sourceTree = "<group>"; };
		858BE14E263271C000FBAEED /* GPUInfo.swift */ = {isa = PBXFileReference; lastKnownFileType = sourcecode.swift; path = GPUInfo.swift; sourceTree = "<group>"; };
		85A4892A263068A200667AD3 /* Package */ = {isa = PBXFileReference; lastKnownFileType = folder; path = Package; sourceTree = "<group>"; };
		85B5CEEB262ABDFA000B7FF0 /* SpiderCoolpc.app */ = {isa = PBXFileReference; explicitFileType = wrapper.application; includeInIndex = 0; path = SpiderCoolpc.app; sourceTree = BUILT_PRODUCTS_DIR; };
		85B5CEEE262ABDFA000B7FF0 /* AppDelegate.swift */ = {isa = PBXFileReference; lastKnownFileType = sourcecode.swift; path = AppDelegate.swift; sourceTree = "<group>"; };
		85B5CEF0262ABDFA000B7FF0 /* SceneDelegate.swift */ = {isa = PBXFileReference; lastKnownFileType = sourcecode.swift; path = SceneDelegate.swift; sourceTree = "<group>"; };
		85B5CEF2262ABDFA000B7FF0 /* ContentView.swift */ = {isa = PBXFileReference; lastKnownFileType = sourcecode.swift; path = ContentView.swift; sourceTree = "<group>"; };
		85B5CEF4262ABDFD000B7FF0 /* Assets.xcassets */ = {isa = PBXFileReference; lastKnownFileType = folder.assetcatalog; path = Assets.xcassets; sourceTree = "<group>"; };
		85B5CEF7262ABDFD000B7FF0 /* Preview Assets.xcassets */ = {isa = PBXFileReference; lastKnownFileType = folder.assetcatalog; path = "Preview Assets.xcassets"; sourceTree = "<group>"; };
		85B5CEFA262ABDFD000B7FF0 /* Base */ = {isa = PBXFileReference; lastKnownFileType = file.storyboard; name = Base; path = Base.lproj/LaunchScreen.storyboard; sourceTree = "<group>"; };
		85B5CEFC262ABDFD000B7FF0 /* Info.plist */ = {isa = PBXFileReference; lastKnownFileType = text.plist.xml; path = Info.plist; sourceTree = "<group>"; };
		85B5CF01262ABDFE000B7FF0 /* SpiderCoolpcTests.xctest */ = {isa = PBXFileReference; explicitFileType = wrapper.cfbundle; includeInIndex = 0; path = SpiderCoolpcTests.xctest; sourceTree = BUILT_PRODUCTS_DIR; };
		85B5CF05262ABDFE000B7FF0 /* SpiderCoolpcTests.swift */ = {isa = PBXFileReference; lastKnownFileType = sourcecode.swift; path = SpiderCoolpcTests.swift; sourceTree = "<group>"; };
		85B5CF07262ABDFE000B7FF0 /* Info.plist */ = {isa = PBXFileReference; lastKnownFileType = text.plist.xml; path = Info.plist; sourceTree = "<group>"; };
		85B5CF0C262ABDFE000B7FF0 /* SpiderCoolpcUITests.xctest */ = {isa = PBXFileReference; explicitFileType = wrapper.cfbundle; includeInIndex = 0; path = SpiderCoolpcUITests.xctest; sourceTree = BUILT_PRODUCTS_DIR; };
		85B5CF10262ABDFE000B7FF0 /* SpiderCoolpcUITests.swift */ = {isa = PBXFileReference; lastKnownFileType = sourcecode.swift; path = SpiderCoolpcUITests.swift; sourceTree = "<group>"; };
		85B5CF12262ABDFE000B7FF0 /* Info.plist */ = {isa = PBXFileReference; lastKnownFileType = text.plist.xml; path = Info.plist; sourceTree = "<group>"; };
		AAD45DFA66EE00C25389C898 /* Pods-SpiderCoolpc.debug.xcconfig */ = {isa = PBXFileReference; includeInIndex = 1; lastKnownFileType = text.xcconfig; name = "Pods-SpiderCoolpc.debug.xcconfig"; path = "Target Support Files/Pods-SpiderCoolpc/Pods-SpiderCoolpc.debug.xcconfig"; sourceTree = "<group>"; };
		BAB51D94FF83D609B15DE443 /* Pods-SpiderCoolpcTests.debug.xcconfig */ = {isa = PBXFileReference; includeInIndex = 1; lastKnownFileType = text.xcconfig; name = "Pods-SpiderCoolpcTests.debug.xcconfig"; path = "Target Support Files/Pods-SpiderCoolpcTests/Pods-SpiderCoolpcTests.debug.xcconfig"; sourceTree = "<group>"; };
		C383F89638BF0C7F4CB1A9B8 /* Pods-SpiderCoolpc-SpiderCoolpcUITests.debug.xcconfig */ = {isa = PBXFileReference; includeInIndex = 1; lastKnownFileType = text.xcconfig; name = "Pods-SpiderCoolpc-SpiderCoolpcUITests.debug.xcconfig"; path = "Target Support Files/Pods-SpiderCoolpc-SpiderCoolpcUITests/Pods-SpiderCoolpc-SpiderCoolpcUITests.debug.xcconfig"; sourceTree = "<group>"; };
		CD2A4A823E6367523C5B8B32 /* Pods-SpiderCoolpcTests.release.xcconfig */ = {isa = PBXFileReference; includeInIndex = 1; lastKnownFileType = text.xcconfig; name = "Pods-SpiderCoolpcTests.release.xcconfig"; path = "Target Support Files/Pods-SpiderCoolpcTests/Pods-SpiderCoolpcTests.release.xcconfig"; sourceTree = "<group>"; };
		E78187FD0DA716163A06491F /* Pods_SpiderCoolpc_SpiderCoolpcUITests.framework */ = {isa = PBXFileReference; explicitFileType = wrapper.framework; includeInIndex = 0; path = Pods_SpiderCoolpc_SpiderCoolpcUITests.framework; sourceTree = BUILT_PRODUCTS_DIR; };
		E8056ABDC8E7C7DC9527C425 /* Pods-SpiderCoolpc-SpiderCoolpcUITests.release.xcconfig */ = {isa = PBXFileReference; includeInIndex = 1; lastKnownFileType = text.xcconfig; name = "Pods-SpiderCoolpc-SpiderCoolpcUITests.release.xcconfig"; path = "Target Support Files/Pods-SpiderCoolpc-SpiderCoolpcUITests/Pods-SpiderCoolpc-SpiderCoolpcUITests.release.xcconfig"; sourceTree = "<group>"; };
/* End PBXFileReference section */

/* Begin PBXFrameworksBuildPhase section */
		85B5CEE8262ABDFA000B7FF0 /* Frameworks */ = {
			isa = PBXFrameworksBuildPhase;
			buildActionMask = 2147483647;
			files = (
				855022272632988100767946 /* BuildFile in Frameworks */,
				BA65873509EA0D8E92B67726 /* Pods_SpiderCoolpc.framework in Frameworks */,
			);
			runOnlyForDeploymentPostprocessing = 0;
		};
		85B5CEFE262ABDFD000B7FF0 /* Frameworks */ = {
			isa = PBXFrameworksBuildPhase;
			buildActionMask = 2147483647;
			files = (
				D3D32C4CF277820E61CD38DF /* Pods_SpiderCoolpcTests.framework in Frameworks */,
			);
			runOnlyForDeploymentPostprocessing = 0;
		};
		85B5CF09262ABDFE000B7FF0 /* Frameworks */ = {
			isa = PBXFrameworksBuildPhase;
			buildActionMask = 2147483647;
			files = (
				22C828A81E240E59FBBF9F04 /* Pods_SpiderCoolpc_SpiderCoolpcUITests.framework in Frameworks */,
			);
			runOnlyForDeploymentPostprocessing = 0;
		};
/* End PBXFrameworksBuildPhase section */

/* Begin PBXGroup section */
		17589002E92D04BFA7123760 /* Frameworks */ = {
			isa = PBXGroup;
			children = (
				6877EAA1C33E114DB82D5991 /* Pods_SpiderCoolpc.framework */,
				E78187FD0DA716163A06491F /* Pods_SpiderCoolpc_SpiderCoolpcUITests.framework */,
				77191F3CB0B171D5CF73ABBC /* Pods_SpiderCoolpcTests.framework */,
			);
			name = Frameworks;
			sourceTree = "<group>";
		};
		85B5CEE2262ABDFA000B7FF0 = {
			isa = PBXGroup;
			children = (
				85A4892A263068A200667AD3 /* Package */,
				85B5CEED262ABDFA000B7FF0 /* SpiderCoolpc */,
				85B5CF04262ABDFE000B7FF0 /* SpiderCoolpcTests */,
				85B5CF0F262ABDFE000B7FF0 /* SpiderCoolpcUITests */,
				85B5CEEC262ABDFA000B7FF0 /* Products */,
				EE6D8E21BD36190086CB12DA /* Pods */,
				17589002E92D04BFA7123760 /* Frameworks */,
			);
			sourceTree = "<group>";
		};
		85B5CEEC262ABDFA000B7FF0 /* Products */ = {
			isa = PBXGroup;
			children = (
				85B5CEEB262ABDFA000B7FF0 /* SpiderCoolpc.app */,
				85B5CF01262ABDFE000B7FF0 /* SpiderCoolpcTests.xctest */,
				85B5CF0C262ABDFE000B7FF0 /* SpiderCoolpcUITests.xctest */,
			);
			name = Products;
			sourceTree = "<group>";
		};
		85B5CEED262ABDFA000B7FF0 /* SpiderCoolpc */ = {
			isa = PBXGroup;
			children = (
				85B5CEEE262ABDFA000B7FF0 /* AppDelegate.swift */,
				85B5CEF0262ABDFA000B7FF0 /* SceneDelegate.swift */,
				858BE14626316A6E00FBAEED /* HomePage.swift */,
				85B5CEF2262ABDFA000B7FF0 /* ContentView.swift */,
				858BE137263162D900FBAEED /* Tutor.swift */,
				858BE1412631657000FBAEED /* TutorDetail.swift */,
				858BE14E263271C000FBAEED /* GPUInfo.swift */,
				85B5CEF4262ABDFD000B7FF0 /* Assets.xcassets */,
				858BE13C263162E200FBAEED /* Tutor.xcassets */,
				85B5CEF9262ABDFD000B7FF0 /* LaunchScreen.storyboard */,
				85B5CEFC262ABDFD000B7FF0 /* Info.plist */,
				85B5CEF6262ABDFD000B7FF0 /* Preview Content */,
			);
			path = SpiderCoolpc;
			sourceTree = "<group>";
		};
		85B5CEF6262ABDFD000B7FF0 /* Preview Content */ = {
			isa = PBXGroup;
			children = (
				85B5CEF7262ABDFD000B7FF0 /* Preview Assets.xcassets */,
			);
			path = "Preview Content";
			sourceTree = "<group>";
		};
		85B5CF04262ABDFE000B7FF0 /* SpiderCoolpcTests */ = {
			isa = PBXGroup;
			children = (
				85B5CF05262ABDFE000B7FF0 /* SpiderCoolpcTests.swift */,
				85B5CF07262ABDFE000B7FF0 /* Info.plist */,
			);
			path = SpiderCoolpcTests;
			sourceTree = "<group>";
		};
		85B5CF0F262ABDFE000B7FF0 /* SpiderCoolpcUITests */ = {
			isa = PBXGroup;
			children = (
				85B5CF10262ABDFE000B7FF0 /* SpiderCoolpcUITests.swift */,
				85B5CF12262ABDFE000B7FF0 /* Info.plist */,
			);
			path = SpiderCoolpcUITests;
			sourceTree = "<group>";
		};
		EE6D8E21BD36190086CB12DA /* Pods */ = {
			isa = PBXGroup;
			children = (
				AAD45DFA66EE00C25389C898 /* Pods-SpiderCoolpc.debug.xcconfig */,
				650425AE90F2392020CAC33D /* Pods-SpiderCoolpc.release.xcconfig */,
				C383F89638BF0C7F4CB1A9B8 /* Pods-SpiderCoolpc-SpiderCoolpcUITests.debug.xcconfig */,
				E8056ABDC8E7C7DC9527C425 /* Pods-SpiderCoolpc-SpiderCoolpcUITests.release.xcconfig */,
				BAB51D94FF83D609B15DE443 /* Pods-SpiderCoolpcTests.debug.xcconfig */,
				CD2A4A823E6367523C5B8B32 /* Pods-SpiderCoolpcTests.release.xcconfig */,
			);
			name = Pods;
			path = Pods;
			sourceTree = "<group>";
		};
/* End PBXGroup section */

/* Begin PBXNativeTarget section */
		85B5CEEA262ABDFA000B7FF0 /* SpiderCoolpc */ = {
			isa = PBXNativeTarget;
			buildConfigurationList = 85B5CF15262ABDFE000B7FF0 /* Build configuration list for PBXNativeTarget "SpiderCoolpc" */;
			buildPhases = (
				CE84E03A6135AC0E2885A335 /* [CP] Check Pods Manifest.lock */,
				85B5CEE7262ABDFA000B7FF0 /* Sources */,
				85B5CEE8262ABDFA000B7FF0 /* Frameworks */,
				85B5CEE9262ABDFA000B7FF0 /* Resources */,
				6B4107FE4113F30DAD1CFF5A /* [CP] Embed Pods Frameworks */,
			);
			buildRules = (
			);
			dependencies = (
			);
			name = SpiderCoolpc;
			packageProductDependencies = (
				855022262632988100767946 /* SwiftPackageProductDependency */,
			);
			productName = SpiderCoolpc;
			productReference = 85B5CEEB262ABDFA000B7FF0 /* SpiderCoolpc.app */;
			productType = "com.apple.product-type.application";
		};
		85B5CF00262ABDFD000B7FF0 /* SpiderCoolpcTests */ = {
			isa = PBXNativeTarget;
			buildConfigurationList = 85B5CF18262ABDFE000B7FF0 /* Build configuration list for PBXNativeTarget "SpiderCoolpcTests" */;
			buildPhases = (
				022D4889FF619CD84E74D7D6 /* [CP] Check Pods Manifest.lock */,
				85B5CEFD262ABDFD000B7FF0 /* Sources */,
				85B5CEFE262ABDFD000B7FF0 /* Frameworks */,
				85B5CEFF262ABDFD000B7FF0 /* Resources */,
			);
			buildRules = (
			);
			dependencies = (
				85B5CF03262ABDFE000B7FF0 /* PBXTargetDependency */,
			);
			name = SpiderCoolpcTests;
			productName = SpiderCoolpcTests;
			productReference = 85B5CF01262ABDFE000B7FF0 /* SpiderCoolpcTests.xctest */;
			productType = "com.apple.product-type.bundle.unit-test";
		};
		85B5CF0B262ABDFE000B7FF0 /* SpiderCoolpcUITests */ = {
			isa = PBXNativeTarget;
			buildConfigurationList = 85B5CF1B262ABDFE000B7FF0 /* Build configuration list for PBXNativeTarget "SpiderCoolpcUITests" */;
			buildPhases = (
				F26ACCF113F075234AC8386C /* [CP] Check Pods Manifest.lock */,
				85B5CF08262ABDFE000B7FF0 /* Sources */,
				85B5CF09262ABDFE000B7FF0 /* Frameworks */,
				85B5CF0A262ABDFE000B7FF0 /* Resources */,
				B316EA1B3E1F54200C2E1266 /* [CP] Embed Pods Frameworks */,
			);
			buildRules = (
			);
			dependencies = (
				85B5CF0E262ABDFE000B7FF0 /* PBXTargetDependency */,
			);
			name = SpiderCoolpcUITests;
			productName = SpiderCoolpcUITests;
			productReference = 85B5CF0C262ABDFE000B7FF0 /* SpiderCoolpcUITests.xctest */;
			productType = "com.apple.product-type.bundle.ui-testing";
		};
/* End PBXNativeTarget section */

/* Begin PBXProject section */
		85B5CEE3262ABDFA000B7FF0 /* Project object */ = {
			isa = PBXProject;
			attributes = {
				LastSwiftUpdateCheck = 1220;
				LastUpgradeCheck = 1220;
				TargetAttributes = {
					85B5CEEA262ABDFA000B7FF0 = {
						CreatedOnToolsVersion = 12.2;
					};
					85B5CF00262ABDFD000B7FF0 = {
						CreatedOnToolsVersion = 12.2;
						TestTargetID = 85B5CEEA262ABDFA000B7FF0;
					};
					85B5CF0B262ABDFE000B7FF0 = {
						CreatedOnToolsVersion = 12.2;
						TestTargetID = 85B5CEEA262ABDFA000B7FF0;
					};
				};
			};
			buildConfigurationList = 85B5CEE6262ABDFA000B7FF0 /* Build configuration list for PBXProject "SpiderCoolpc" */;
			compatibilityVersion = "Xcode 9.3";
			developmentRegion = en;
			hasScannedForEncodings = 0;
			knownRegions = (
				en,
				Base,
			);
			mainGroup = 85B5CEE2262ABDFA000B7FF0;
			productRefGroup = 85B5CEEC262ABDFA000B7FF0 /* Products */;
			projectDirPath = "";
			projectRoot = "";
			targets = (
				85B5CEEA262ABDFA000B7FF0 /* SpiderCoolpc */,
				85B5CF00262ABDFD000B7FF0 /* SpiderCoolpcTests */,
				85B5CF0B262ABDFE000B7FF0 /* SpiderCoolpcUITests */,
			);
		};
/* End PBXProject section */

/* Begin PBXResourcesBuildPhase section */
		85B5CEE9262ABDFA000B7FF0 /* Resources */ = {
			isa = PBXResourcesBuildPhase;
			buildActionMask = 2147483647;
			files = (
				858BE13D263162E200FBAEED /* Tutor.xcassets in Resources */,
				85B5CEFB262ABDFD000B7FF0 /* LaunchScreen.storyboard in Resources */,
				85B5CEF8262ABDFD000B7FF0 /* Preview Assets.xcassets in Resources */,
				85B5CEF5262ABDFD000B7FF0 /* Assets.xcassets in Resources */,
			);
			runOnlyForDeploymentPostprocessing = 0;
		};
		85B5CEFF262ABDFD000B7FF0 /* Resources */ = {
			isa = PBXResourcesBuildPhase;
			buildActionMask = 2147483647;
			files = (
			);
			runOnlyForDeploymentPostprocessing = 0;
		};
		85B5CF0A262ABDFE000B7FF0 /* Resources */ = {
			isa = PBXResourcesBuildPhase;
			buildActionMask = 2147483647;
			files = (
			);
			runOnlyForDeploymentPostprocessing = 0;
		};
/* End PBXResourcesBuildPhase section */

/* Begin PBXShellScriptBuildPhase section */
		022D4889FF619CD84E74D7D6 /* [CP] Check Pods Manifest.lock */ = {
			isa = PBXShellScriptBuildPhase;
			buildActionMask = 2147483647;
			files = (
			);
			inputFileListPaths = (
			);
			inputPaths = (
				"${PODS_PODFILE_DIR_PATH}/Podfile.lock",
				"${PODS_ROOT}/Manifest.lock",
			);
			name = "[CP] Check Pods Manifest.lock";
			outputFileListPaths = (
			);
			outputPaths = (
				"$(DERIVED_FILE_DIR)/Pods-SpiderCoolpcTests-checkManifestLockResult.txt",
			);
			runOnlyForDeploymentPostprocessing = 0;
			shellPath = /bin/sh;
			shellScript = "diff \"${PODS_PODFILE_DIR_PATH}/Podfile.lock\" \"${PODS_ROOT}/Manifest.lock\" > /dev/null\nif [ $? != 0 ] ; then\n    # print error to STDERR\n    echo \"error: The sandbox is not in sync with the Podfile.lock. Run 'pod install' or update your CocoaPods installation.\" >&2\n    exit 1\nfi\n# This output is used by Xcode 'outputs' to avoid re-running this script phase.\necho \"SUCCESS\" > \"${SCRIPT_OUTPUT_FILE_0}\"\n";
			showEnvVarsInLog = 0;
		};
		6B4107FE4113F30DAD1CFF5A /* [CP] Embed Pods Frameworks */ = {
			isa = PBXShellScriptBuildPhase;
			buildActionMask = 2147483647;
			files = (
			);
			inputFileListPaths = (
				"${PODS_ROOT}/Target Support Files/Pods-SpiderCoolpc/Pods-SpiderCoolpc-frameworks-${CONFIGURATION}-input-files.xcfilelist",
			);
			name = "[CP] Embed Pods Frameworks";
			outputFileListPaths = (
				"${PODS_ROOT}/Target Support Files/Pods-SpiderCoolpc/Pods-SpiderCoolpc-frameworks-${CONFIGURATION}-output-files.xcfilelist",
			);
			runOnlyForDeploymentPostprocessing = 0;
			shellPath = /bin/sh;
			shellScript = "\"${PODS_ROOT}/Target Support Files/Pods-SpiderCoolpc/Pods-SpiderCoolpc-frameworks.sh\"\n";
			showEnvVarsInLog = 0;
		};
		B316EA1B3E1F54200C2E1266 /* [CP] Embed Pods Frameworks */ = {
			isa = PBXShellScriptBuildPhase;
			buildActionMask = 2147483647;
			files = (
			);
			inputFileListPaths = (
				"${PODS_ROOT}/Target Support Files/Pods-SpiderCoolpc-SpiderCoolpcUITests/Pods-SpiderCoolpc-SpiderCoolpcUITests-frameworks-${CONFIGURATION}-input-files.xcfilelist",
			);
			name = "[CP] Embed Pods Frameworks";
			outputFileListPaths = (
				"${PODS_ROOT}/Target Support Files/Pods-SpiderCoolpc-SpiderCoolpcUITests/Pods-SpiderCoolpc-SpiderCoolpcUITests-frameworks-${CONFIGURATION}-output-files.xcfilelist",
			);
			runOnlyForDeploymentPostprocessing = 0;
			shellPath = /bin/sh;
			shellScript = "\"${PODS_ROOT}/Target Support Files/Pods-SpiderCoolpc-SpiderCoolpcUITests/Pods-SpiderCoolpc-SpiderCoolpcUITests-frameworks.sh\"\n";
			showEnvVarsInLog = 0;
		};
		CE84E03A6135AC0E2885A335 /* [CP] Check Pods Manifest.lock */ = {
			isa = PBXShellScriptBuildPhase;
			buildActionMask = 2147483647;
			files = (
			);
			inputFileListPaths = (
			);
			inputPaths = (
				"${PODS_PODFILE_DIR_PATH}/Podfile.lock",
				"${PODS_ROOT}/Manifest.lock",
			);
			name = "[CP] Check Pods Manifest.lock";
			outputFileListPaths = (
			);
			outputPaths = (
				"$(DERIVED_FILE_DIR)/Pods-SpiderCoolpc-checkManifestLockResult.txt",
			);
			runOnlyForDeploymentPostprocessing = 0;
			shellPath = /bin/sh;
			shellScript = "diff \"${PODS_PODFILE_DIR_PATH}/Podfile.lock\" \"${PODS_ROOT}/Manifest.lock\" > /dev/null\nif [ $? != 0 ] ; then\n    # print error to STDERR\n    echo \"error: The sandbox is not in sync with the Podfile.lock. Run 'pod install' or update your CocoaPods installation.\" >&2\n    exit 1\nfi\n# This output is used by Xcode 'outputs' to avoid re-running this script phase.\necho \"SUCCESS\" > \"${SCRIPT_OUTPUT_FILE_0}\"\n";
			showEnvVarsInLog = 0;
		};
		F26ACCF113F075234AC8386C /* [CP] Check Pods Manifest.lock */ = {
			isa = PBXShellScriptBuildPhase;
			buildActionMask = 2147483647;
			files = (
			);
			inputFileListPaths = (
			);
			inputPaths = (
				"${PODS_PODFILE_DIR_PATH}/Podfile.lock",
				"${PODS_ROOT}/Manifest.lock",
			);
			name = "[CP] Check Pods Manifest.lock";
			outputFileListPaths = (
			);
			outputPaths = (
				"$(DERIVED_FILE_DIR)/Pods-SpiderCoolpc-SpiderCoolpcUITests-checkManifestLockResult.txt",
			);
			runOnlyForDeploymentPostprocessing = 0;
			shellPath = /bin/sh;
			shellScript = "diff \"${PODS_PODFILE_DIR_PATH}/Podfile.lock\" \"${PODS_ROOT}/Manifest.lock\" > /dev/null\nif [ $? != 0 ] ; then\n    # print error to STDERR\n    echo \"error: The sandbox is not in sync with the Podfile.lock. Run 'pod install' or update your CocoaPods installation.\" >&2\n    exit 1\nfi\n# This output is used by Xcode 'outputs' to avoid re-running this script phase.\necho \"SUCCESS\" > \"${SCRIPT_OUTPUT_FILE_0}\"\n";
			showEnvVarsInLog = 0;
		};
/* End PBXShellScriptBuildPhase section */

/* Begin PBXSourcesBuildPhase section */
		85B5CEE7262ABDFA000B7FF0 /* Sources */ = {
			isa = PBXSourcesBuildPhase;
			buildActionMask = 2147483647;
			files = (
				858BE138263162D900FBAEED /* Tutor.swift in Sources */,
				858BE14726316A6E00FBAEED /* HomePage.swift in Sources */,
				858BE1422631657000FBAEED /* TutorDetail.swift in Sources */,
				85B5CEEF262ABDFA000B7FF0 /* AppDelegate.swift in Sources */,
				85B5CEF1262ABDFA000B7FF0 /* SceneDelegate.swift in Sources */,
				858BE14F263271C000FBAEED /* GPUInfo.swift in Sources */,
				85B5CEF3262ABDFA000B7FF0 /* ContentView.swift in Sources */,
			);
			runOnlyForDeploymentPostprocessing = 0;
		};
		85B5CEFD262ABDFD000B7FF0 /* Sources */ = {
			isa = PBXSourcesBuildPhase;
			buildActionMask = 2147483647;
			files = (
				85B5CF06262ABDFE000B7FF0 /* SpiderCoolpcTests.swift in Sources */,
			);
			runOnlyForDeploymentPostprocessing = 0;
		};
		85B5CF08262ABDFE000B7FF0 /* Sources */ = {
			isa = PBXSourcesBuildPhase;
			buildActionMask = 2147483647;
			files = (
				85B5CF11262ABDFE000B7FF0 /* SpiderCoolpcUITests.swift in Sources */,
			);
			runOnlyForDeploymentPostprocessing = 0;
		};
/* End PBXSourcesBuildPhase section */

/* Begin PBXTargetDependency section */
		85B5CF03262ABDFE000B7FF0 /* PBXTargetDependency */ = {
			isa = PBXTargetDependency;
			target = 85B5CEEA262ABDFA000B7FF0 /* SpiderCoolpc */;
			targetProxy = 85B5CF02262ABDFE000B7FF0 /* PBXContainerItemProxy */;
		};
		85B5CF0E262ABDFE000B7FF0 /* PBXTargetDependency */ = {
			isa = PBXTargetDependency;
			target = 85B5CEEA262ABDFA000B7FF0 /* SpiderCoolpc */;
			targetProxy = 85B5CF0D262ABDFE000B7FF0 /* PBXContainerItemProxy */;
		};
/* End PBXTargetDependency section */

/* Begin PBXVariantGroup section */
		85B5CEF9262ABDFD000B7FF0 /* LaunchScreen.storyboard */ = {
			isa = PBXVariantGroup;
			children = (
				85B5CEFA262ABDFD000B7FF0 /* Base */,
			);
			name = LaunchScreen.storyboard;
			sourceTree = "<group>";
		};
/* End PBXVariantGroup section */

/* Begin XCBuildConfiguration section */
		85B5CF13262ABDFE000B7FF0 /* Debug */ = {
			isa = XCBuildConfiguration;
			buildSettings = {
				ALWAYS_SEARCH_USER_PATHS = NO;
				CLANG_ANALYZER_NONNULL = YES;
				CLANG_ANALYZER_NUMBER_OBJECT_CONVERSION = YES_AGGRESSIVE;
				CLANG_CXX_LANGUAGE_STANDARD = "gnu++14";
				CLANG_CXX_LIBRARY = "libc++";
				CLANG_ENABLE_MODULES = YES;
				CLANG_ENABLE_OBJC_ARC = YES;
				CLANG_ENABLE_OBJC_WEAK = YES;
				CLANG_WARN_BLOCK_CAPTURE_AUTORELEASING = YES;
				CLANG_WARN_BOOL_CONVERSION = YES;
				CLANG_WARN_COMMA = YES;
				CLANG_WARN_CONSTANT_CONVERSION = YES;
				CLANG_WARN_DEPRECATED_OBJC_IMPLEMENTATIONS = YES;
				CLANG_WARN_DIRECT_OBJC_ISA_USAGE = YES_ERROR;
				CLANG_WARN_DOCUMENTATION_COMMENTS = YES;
				CLANG_WARN_EMPTY_BODY = YES;
				CLANG_WARN_ENUM_CONVERSION = YES;
				CLANG_WARN_INFINITE_RECURSION = YES;
				CLANG_WARN_INT_CONVERSION = YES;
				CLANG_WARN_NON_LITERAL_NULL_CONVERSION = YES;
				CLANG_WARN_OBJC_IMPLICIT_RETAIN_SELF = YES;
				CLANG_WARN_OBJC_LITERAL_CONVERSION = YES;
				CLANG_WARN_OBJC_ROOT_CLASS = YES_ERROR;
				CLANG_WARN_QUOTED_INCLUDE_IN_FRAMEWORK_HEADER = YES;
				CLANG_WARN_RANGE_LOOP_ANALYSIS = YES;
				CLANG_WARN_STRICT_PROTOTYPES = YES;
				CLANG_WARN_SUSPICIOUS_MOVE = YES;
				CLANG_WARN_UNGUARDED_AVAILABILITY = YES_AGGRESSIVE;
				CLANG_WARN_UNREACHABLE_CODE = YES;
				CLANG_WARN__DUPLICATE_METHOD_MATCH = YES;
				COPY_PHASE_STRIP = NO;
				DEBUG_INFORMATION_FORMAT = dwarf;
				ENABLE_STRICT_OBJC_MSGSEND = YES;
				ENABLE_TESTABILITY = YES;
				GCC_C_LANGUAGE_STANDARD = gnu11;
				GCC_DYNAMIC_NO_PIC = NO;
				GCC_NO_COMMON_BLOCKS = YES;
				GCC_OPTIMIZATION_LEVEL = 0;
				GCC_PREPROCESSOR_DEFINITIONS = (
					"DEBUG=1",
					"$(inherited)",
				);
				GCC_WARN_64_TO_32_BIT_CONVERSION = YES;
				GCC_WARN_ABOUT_RETURN_TYPE = YES_ERROR;
				GCC_WARN_UNDECLARED_SELECTOR = YES;
				GCC_WARN_UNINITIALIZED_AUTOS = YES_AGGRESSIVE;
				GCC_WARN_UNUSED_FUNCTION = YES;
				GCC_WARN_UNUSED_VARIABLE = YES;
				IPHONEOS_DEPLOYMENT_TARGET = 14.2;
				MTL_ENABLE_DEBUG_INFO = INCLUDE_SOURCE;
				MTL_FAST_MATH = YES;
				ONLY_ACTIVE_ARCH = YES;
				SDKROOT = iphoneos;
				SWIFT_ACTIVE_COMPILATION_CONDITIONS = DEBUG;
				SWIFT_OPTIMIZATION_LEVEL = "-Onone";
			};
			name = Debug;
		};
		85B5CF14262ABDFE000B7FF0 /* Release */ = {
			isa = XCBuildConfiguration;
			buildSettings = {
				ALWAYS_SEARCH_USER_PATHS = NO;
				CLANG_ANALYZER_NONNULL = YES;
				CLANG_ANALYZER_NUMBER_OBJECT_CONVERSION = YES_AGGRESSIVE;
				CLANG_CXX_LANGUAGE_STANDARD = "gnu++14";
				CLANG_CXX_LIBRARY = "libc++";
				CLANG_ENABLE_MODULES = YES;
				CLANG_ENABLE_OBJC_ARC = YES;
				CLANG_ENABLE_OBJC_WEAK = YES;
				CLANG_WARN_BLOCK_CAPTURE_AUTORELEASING = YES;
				CLANG_WARN_BOOL_CONVERSION = YES;
				CLANG_WARN_COMMA = YES;
				CLANG_WARN_CONSTANT_CONVERSION = YES;
				CLANG_WARN_DEPRECATED_OBJC_IMPLEMENTATIONS = YES;
				CLANG_WARN_DIRECT_OBJC_ISA_USAGE = YES_ERROR;
				CLANG_WARN_DOCUMENTATION_COMMENTS = YES;
				CLANG_WARN_EMPTY_BODY = YES;
				CLANG_WARN_ENUM_CONVERSION = YES;
				CLANG_WARN_INFINITE_RECURSION = YES;
				CLANG_WARN_INT_CONVERSION = YES;
				CLANG_WARN_NON_LITERAL_NULL_CONVERSION = YES;
				CLANG_WARN_OBJC_IMPLICIT_RETAIN_SELF = YES;
				CLANG_WARN_OBJC_LITERAL_CONVERSION = YES;
				CLANG_WARN_OBJC_ROOT_CLASS = YES_ERROR;
				CLANG_WARN_QUOTED_INCLUDE_IN_FRAMEWORK_HEADER = YES;
				CLANG_WARN_RANGE_LOOP_ANALYSIS = YES;
				CLANG_WARN_STRICT_PROTOTYPES = YES;
				CLANG_WARN_SUSPICIOUS_MOVE = YES;
				CLANG_WARN_UNGUARDED_AVAILABILITY = YES_AGGRESSIVE;
				CLANG_WARN_UNREACHABLE_CODE = YES;
				CLANG_WARN__DUPLICATE_METHOD_MATCH = YES;
				COPY_PHASE_STRIP = NO;
				DEBUG_INFORMATION_FORMAT = "dwarf-with-dsym";
				ENABLE_NS_ASSERTIONS = NO;
				ENABLE_STRICT_OBJC_MSGSEND = YES;
				GCC_C_LANGUAGE_STANDARD = gnu11;
				GCC_NO_COMMON_BLOCKS = YES;
				GCC_WARN_64_TO_32_BIT_CONVERSION = YES;
				GCC_WARN_ABOUT_RETURN_TYPE = YES_ERROR;
				GCC_WARN_UNDECLARED_SELECTOR = YES;
				GCC_WARN_UNINITIALIZED_AUTOS = YES_AGGRESSIVE;
				GCC_WARN_UNUSED_FUNCTION = YES;
				GCC_WARN_UNUSED_VARIABLE = YES;
				IPHONEOS_DEPLOYMENT_TARGET = 14.2;
				MTL_ENABLE_DEBUG_INFO = NO;
				MTL_FAST_MATH = YES;
				SDKROOT = iphoneos;
				SWIFT_COMPILATION_MODE = wholemodule;
				SWIFT_OPTIMIZATION_LEVEL = "-O";
				VALIDATE_PRODUCT = YES;
			};
			name = Release;
		};
		85B5CF16262ABDFE000B7FF0 /* Debug */ = {
			isa = XCBuildConfiguration;
			baseConfigurationReference = AAD45DFA66EE00C25389C898 /* Pods-SpiderCoolpc.debug.xcconfig */;
			buildSettings = {
				ASSETCATALOG_COMPILER_APPICON_NAME = AppIcon;
				ASSETCATALOG_COMPILER_GLOBAL_ACCENT_COLOR_NAME = AccentColor;
				CODE_SIGN_STYLE = Automatic;
				DEVELOPMENT_ASSET_PATHS = "\"SpiderCoolpc/Preview Content\"";
				ENABLE_PREVIEWS = YES;
				INFOPLIST_FILE = SpiderCoolpc/Info.plist;
				LD_RUNPATH_SEARCH_PATHS = (
					"$(inherited)",
					"@executable_path/Frameworks",
				);
				PRODUCT_BUNDLE_IDENTIFIER = SpiderCoolpc.SpiderCoolpc;
				PRODUCT_NAME = "$(TARGET_NAME)";
				SWIFT_VERSION = 5.0;
				TARGETED_DEVICE_FAMILY = "1,2";
			};
			name = Debug;
		};
		85B5CF17262ABDFE000B7FF0 /* Release */ = {
			isa = XCBuildConfiguration;
			baseConfigurationReference = 650425AE90F2392020CAC33D /* Pods-SpiderCoolpc.release.xcconfig */;
			buildSettings = {
				ASSETCATALOG_COMPILER_APPICON_NAME = AppIcon;
				ASSETCATALOG_COMPILER_GLOBAL_ACCENT_COLOR_NAME = AccentColor;
				CODE_SIGN_STYLE = Automatic;
				DEVELOPMENT_ASSET_PATHS = "\"SpiderCoolpc/Preview Content\"";
				ENABLE_PREVIEWS = YES;
				INFOPLIST_FILE = SpiderCoolpc/Info.plist;
				LD_RUNPATH_SEARCH_PATHS = (
					"$(inherited)",
					"@executable_path/Frameworks",
				);
				PRODUCT_BUNDLE_IDENTIFIER = SpiderCoolpc.SpiderCoolpc;
				PRODUCT_NAME = "$(TARGET_NAME)";
				SWIFT_VERSION = 5.0;
				TARGETED_DEVICE_FAMILY = "1,2";
			};
			name = Release;
		};
		85B5CF19262ABDFE000B7FF0 /* Debug */ = {
			isa = XCBuildConfiguration;
			baseConfigurationReference = BAB51D94FF83D609B15DE443 /* Pods-SpiderCoolpcTests.debug.xcconfig */;
			buildSettings = {
				ALWAYS_EMBED_SWIFT_STANDARD_LIBRARIES = YES;
				BUNDLE_LOADER = "$(TEST_HOST)";
				CODE_SIGN_STYLE = Automatic;
				INFOPLIST_FILE = SpiderCoolpcTests/Info.plist;
				IPHONEOS_DEPLOYMENT_TARGET = 14.2;
				LD_RUNPATH_SEARCH_PATHS = (
					"$(inherited)",
					"@executable_path/Frameworks",
					"@loader_path/Frameworks",
				);
				PRODUCT_BUNDLE_IDENTIFIER = SpiderCoolpc.SpiderCoolpcTests;
				PRODUCT_NAME = "$(TARGET_NAME)";
				SWIFT_VERSION = 5.0;
				TARGETED_DEVICE_FAMILY = "1,2";
				TEST_HOST = "$(BUILT_PRODUCTS_DIR)/SpiderCoolpc.app/SpiderCoolpc";
			};
			name = Debug;
		};
		85B5CF1A262ABDFE000B7FF0 /* Release */ = {
			isa = XCBuildConfiguration;
			baseConfigurationReference = CD2A4A823E6367523C5B8B32 /* Pods-SpiderCoolpcTests.release.xcconfig */;
			buildSettings = {
				ALWAYS_EMBED_SWIFT_STANDARD_LIBRARIES = YES;
				BUNDLE_LOADER = "$(TEST_HOST)";
				CODE_SIGN_STYLE = Automatic;
				INFOPLIST_FILE = SpiderCoolpcTests/Info.plist;
				IPHONEOS_DEPLOYMENT_TARGET = 14.2;
				LD_RUNPATH_SEARCH_PATHS = (
					"$(inherited)",
					"@executable_path/Frameworks",
					"@loader_path/Frameworks",
				);
				PRODUCT_BUNDLE_IDENTIFIER = SpiderCoolpc.SpiderCoolpcTests;
				PRODUCT_NAME = "$(TARGET_NAME)";
				SWIFT_VERSION = 5.0;
				TARGETED_DEVICE_FAMILY = "1,2";
				TEST_HOST = "$(BUILT_PRODUCTS_DIR)/SpiderCoolpc.app/SpiderCoolpc";
			};
			name = Release;
		};
		85B5CF1C262ABDFE000B7FF0 /* Debug */ = {
			isa = XCBuildConfiguration;
			baseConfigurationReference = C383F89638BF0C7F4CB1A9B8 /* Pods-SpiderCoolpc-SpiderCoolpcUITests.debug.xcconfig */;
			buildSettings = {
				ALWAYS_EMBED_SWIFT_STANDARD_LIBRARIES = YES;
				CODE_SIGN_STYLE = Automatic;
				INFOPLIST_FILE = SpiderCoolpcUITests/Info.plist;
				LD_RUNPATH_SEARCH_PATHS = (
					"$(inherited)",
					"@executable_path/Frameworks",
					"@loader_path/Frameworks",
				);
				PRODUCT_BUNDLE_IDENTIFIER = SpiderCoolpc.SpiderCoolpcUITests;
				PRODUCT_NAME = "$(TARGET_NAME)";
				SWIFT_VERSION = 5.0;
				TARGETED_DEVICE_FAMILY = "1,2";
				TEST_TARGET_NAME = SpiderCoolpc;
			};
			name = Debug;
		};
		85B5CF1D262ABDFE000B7FF0 /* Release */ = {
			isa = XCBuildConfiguration;
			baseConfigurationReference = E8056ABDC8E7C7DC9527C425 /* Pods-SpiderCoolpc-SpiderCoolpcUITests.release.xcconfig */;
			buildSettings = {
				ALWAYS_EMBED_SWIFT_STANDARD_LIBRARIES = YES;
				CODE_SIGN_STYLE = Automatic;
				INFOPLIST_FILE = SpiderCoolpcUITests/Info.plist;
				LD_RUNPATH_SEARCH_PATHS = (
					"$(inherited)",
					"@executable_path/Frameworks",
					"@loader_path/Frameworks",
				);
				PRODUCT_BUNDLE_IDENTIFIER = SpiderCoolpc.SpiderCoolpcUITests;
				PRODUCT_NAME = "$(TARGET_NAME)";
				SWIFT_VERSION = 5.0;
				TARGETED_DEVICE_FAMILY = "1,2";
				TEST_TARGET_NAME = SpiderCoolpc;
			};
			name = Release;
		};
/* End XCBuildConfiguration section */

/* Begin XCConfigurationList section */
		85B5CEE6262ABDFA000B7FF0 /* Build configuration list for PBXProject "SpiderCoolpc" */ = {
			isa = XCConfigurationList;
			buildConfigurations = (
				85B5CF13262ABDFE000B7FF0 /* Debug */,
				85B5CF14262ABDFE000B7FF0 /* Release */,
			);
			defaultConfigurationIsVisible = 0;
			defaultConfigurationName = Release;
		};
		85B5CF15262ABDFE000B7FF0 /* Build configuration list for PBXNativeTarget "SpiderCoolpc" */ = {
			isa = XCConfigurationList;
			buildConfigurations = (
				85B5CF16262ABDFE000B7FF0 /* Debug */,
				85B5CF17262ABDFE000B7FF0 /* Release */,
			);
			defaultConfigurationIsVisible = 0;
			defaultConfigurationName = Release;
		};
		85B5CF18262ABDFE000B7FF0 /* Build configuration list for PBXNativeTarget "SpiderCoolpcTests" */ = {
			isa = XCConfigurationList;
			buildConfigurations = (
				85B5CF19262ABDFE000B7FF0 /* Debug */,
				85B5CF1A262ABDFE000B7FF0 /* Release */,
			);
			defaultConfigurationIsVisible = 0;
			defaultConfigurationName = Release;
		};
		85B5CF1B262ABDFE000B7FF0 /* Build configuration list for PBXNativeTarget "SpiderCoolpcUITests" */ = {
			isa = XCConfigurationList;
			buildConfigurations = (
				85B5CF1C262ABDFE000B7FF0 /* Debug */,
				85B5CF1D262ABDFE000B7FF0 /* Release */,
			);
			defaultConfigurationIsVisible = 0;
			defaultConfigurationName = Release;
		};
/* End XCConfigurationList section */

/* Begin XCSwiftPackageProductDependency section */
		855022262632988100767946 /* SwiftPackageProductDependency */ = {
			isa = XCSwiftPackageProductDependency;
			productName = Package;
		};
/* End XCSwiftPackageProductDependency section */
	};
	rootObject = 85B5CEE3262ABDFA000B7FF0 /* Project object */;
}
